// !$*UTF8*$!
{
	archiveVersion = 1;
	classes = {
	};
	objectVersion = 77;
	objects = {

/* Begin PBXContainerItemProxy section */
		EE1881782E8D9FFD00839A0A /* PBXContainerItemProxy */ = {
			isa = PBXContainerItemProxy;
			containerPortal = EE18815F2E8D9FFC00839A0A /* Project object */;
			proxyType = 1;
			remoteGlobalIDString = EE1881662E8D9FFC00839A0A;
			remoteInfo = Tyrants;
		};
		EE1881822E8D9FFD00839A0A /* PBXContainerItemProxy */ = {
			isa = PBXContainerItemProxy;
			containerPortal = EE18815F2E8D9FFC00839A0A /* Project object */;
			proxyType = 1;
			remoteGlobalIDString = EE1881662E8D9FFC00839A0A;
			remoteInfo = Tyrants;
		};
/* End PBXContainerItemProxy section */

/* Begin PBXFileReference section */
		EE1881672E8D9FFC00839A0A /* Tyrants.app */ = {isa = PBXFileReference; explicitFileType = wrapper.application; includeInIndex = 0; path = Tyrants.app; sourceTree = BUILT_PRODUCTS_DIR; };
		EE1881772E8D9FFD00839A0A /* TyrantsTests.xctest */ = {isa = PBXFileReference; explicitFileType = wrapper.cfbundle; includeInIndex = 0; path = TyrantsTests.xctest; sourceTree = BUILT_PRODUCTS_DIR; };
		EE1881812E8D9FFD00839A0A /* TyrantsUITests.xctest */ = {isa = PBXFileReference; explicitFileType = wrapper.cfbundle; includeInIndex = 0; path = TyrantsUITests.xctest; sourceTree = BUILT_PRODUCTS_DIR; };
/* End PBXFileReference section */

/* Begin PBXFileSystemSynchronizedBuildFileExceptionSet section */
		EE1881BF2E8DB45500839A0A /* Exceptions for "Tyrants" folder in "Tyrants" target */ = {
			isa = PBXFileSystemSynchronizedBuildFileExceptionSet;
			membershipExceptions = (
				Info.plist,
			);
			target = EE1881662E8D9FFC00839A0A /* Tyrants */;
		};
/* End PBXFileSystemSynchronizedBuildFileExceptionSet section */

/* Begin PBXFileSystemSynchronizedRootGroup section */
		EE1881692E8D9FFC00839A0A /* Tyrants */ = {
			isa = PBXFileSystemSynchronizedRootGroup;
			exceptions = (
				EE1881BF2E8DB45500839A0A /* Exceptions for "Tyrants" folder in "Tyrants" target */,
			);
			path = Tyrants;
			sourceTree = "<group>";
		};
		EE18817A2E8D9FFD00839A0A /* TyrantsTests */ = {
			isa = PBXFileSystemSynchronizedRootGroup;
			path = TyrantsTests;
			sourceTree = "<group>";
		};
		EE1881842E8D9FFD00839A0A /* TyrantsUITests */ = {
			isa = PBXFileSystemSynchronizedRootGroup;
			path = TyrantsUITests;
			sourceTree = "<group>";
		};
/* End PBXFileSystemSynchronizedRootGroup section */

/* Begin PBXFrameworksBuildPhase section */
		EE1881642E8D9FFC00839A0A /* Frameworks */ = {
			isa = PBXFrameworksBuildPhase;
			buildActionMask = 2147483647;
			files = (
			);
			runOnlyForDeploymentPostprocessing = 0;
		};
		EE1881742E8D9FFD00839A0A /* Frameworks */ = {
			isa = PBXFrameworksBuildPhase;
			buildActionMask = 2147483647;
			files = (
			);
			runOnlyForDeploymentPostprocessing = 0;
		};
		EE18817E2E8D9FFD00839A0A /* Frameworks */ = {
			isa = PBXFrameworksBuildPhase;
			buildActionMask = 2147483647;
			files = (
			);
			runOnlyForDeploymentPostprocessing = 0;
		};
/* End PBXFrameworksBuildPhase section */

/* Begin PBXGroup section */
		EE18815E2E8D9FFC00839A0A = {
			isa = PBXGroup;
			children = (
				EE1881692E8D9FFC00839A0A /* Tyrants */,
				EE18817A2E8D9FFD00839A0A /* TyrantsTests */,
				EE1881842E8D9FFD00839A0A /* TyrantsUITests */,
				EE1881682E8D9FFC00839A0A /* Products */,
			);
			sourceTree = "<group>";
		};
		EE1881682E8D9FFC00839A0A /* Products */ = {
			isa = PBXGroup;
			children = (
				EE1881672E8D9FFC00839A0A /* Tyrants.app */,
				EE1881772E8D9FFD00839A0A /* TyrantsTests.xctest */,
				EE1881812E8D9FFD00839A0A /* TyrantsUITests.xctest */,
			);
			name = Products;
			sourceTree = "<group>";
		};
/* End PBXGroup section */

/* Begin PBXNativeTarget section */
		EE1881662E8D9FFC00839A0A /* Tyrants */ = {
			isa = PBXNativeTarget;
			buildConfigurationList = EE18818B2E8D9FFD00839A0A /* Build configuration list for PBXNativeTarget "Tyrants" */;
			buildPhases = (
				EE1881632E8D9FFC00839A0A /* Sources */,
				EE1881642E8D9FFC00839A0A /* Frameworks */,
				EE1881652E8D9FFC00839A0A /* Resources */,
			);
			buildRules = (
			);
			dependencies = (
			);
			fileSystemSynchronizedGroups = (
				EE1881692E8D9FFC00839A0A /* Tyrants */,
			);
			name = Tyrants;
			packageProductDependencies = (
			);
			productName = Tyrants;
			productReference = EE1881672E8D9FFC00839A0A /* Tyrants.app */;
			productType = "com.apple.product-type.application";
		};
		EE1881762E8D9FFD00839A0A /* TyrantsTests */ = {
			isa = PBXNativeTarget;
			buildConfigurationList = EE18818E2E8D9FFD00839A0A /* Build configuration list for PBXNativeTarget "TyrantsTests" */;
			buildPhases = (
				EE1881732E8D9FFD00839A0A /* Sources */,
				EE1881742E8D9FFD00839A0A /* Frameworks */,
				EE1881752E8D9FFD00839A0A /* Resources */,
			);
			buildRules = (
			);
			dependencies = (
				EE1881792E8D9FFD00839A0A /* PBXTargetDependency */,
			);
			fileSystemSynchronizedGroups = (
				EE18817A2E8D9FFD00839A0A /* TyrantsTests */,
			);
			name = TyrantsTests;
			packageProductDependencies = (
			);
			productName = TyrantsTests;
			productReference = EE1881772E8D9FFD00839A0A /* TyrantsTests.xctest */;
			productType = "com.apple.product-type.bundle.unit-test";
		};
		EE1881802E8D9FFD00839A0A /* TyrantsUITests */ = {
			isa = PBXNativeTarget;
			buildConfigurationList = EE1881912E8D9FFD00839A0A /* Build configuration list for PBXNativeTarget "TyrantsUITests" */;
			buildPhases = (
				EE18817D2E8D9FFD00839A0A /* Sources */,
				EE18817E2E8D9FFD00839A0A /* Frameworks */,
				EE18817F2E8D9FFD00839A0A /* Resources */,
			);
			buildRules = (
			);
			dependencies = (
				EE1881832E8D9FFD00839A0A /* PBXTargetDependency */,
			);
			fileSystemSynchronizedGroups = (
				EE1881842E8D9FFD00839A0A /* TyrantsUITests */,
			);
			name = TyrantsUITests;
			packageProductDependencies = (
			);
			productName = TyrantsUITests;
			productReference = EE1881812E8D9FFD00839A0A /* TyrantsUITests.xctest */;
			productType = "com.apple.product-type.bundle.ui-testing";
		};
/* End PBXNativeTarget section */

/* Begin PBXProject section */
		EE18815F2E8D9FFC00839A0A /* Project object */ = {
			isa = PBXProject;
			attributes = {
				BuildIndependentTargetsInParallel = 1;
				LastSwiftUpdateCheck = 1620;
				LastUpgradeCheck = 1620;
				TargetAttributes = {
					EE1881662E8D9FFC00839A0A = {
						CreatedOnToolsVersion = 16.2;
					};
					EE1881762E8D9FFD00839A0A = {
						CreatedOnToolsVersion = 16.2;
						TestTargetID = EE1881662E8D9FFC00839A0A;
					};
					EE1881802E8D9FFD00839A0A = {
						CreatedOnToolsVersion = 16.2;
						TestTargetID = EE1881662E8D9FFC00839A0A;
					};
				};
			};
			buildConfigurationList = EE1881622E8D9FFC00839A0A /* Build configuration list for PBXProject "Tyrants" */;
			developmentRegion = en;
			hasScannedForEncodings = 0;
			knownRegions = (
				en,
				Base,
			);
			mainGroup = EE18815E2E8D9FFC00839A0A;
			minimizedProjectReferenceProxies = 1;
			preferredProjectObjectVersion = 77;
			productRefGroup = EE1881682E8D9FFC00839A0A /* Products */;
			projectDirPath = "";
			projectRoot = "";
			targets = (
				EE1881662E8D9FFC00839A0A /* Tyrants */,
				EE1881762E8D9FFD00839A0A /* TyrantsTests */,
				EE1881802E8D9FFD00839A0A /* TyrantsUITests */,
			);
		};
/* End PBXProject section */

/* Begin PBXResourcesBuildPhase section */
		EE1881652E8D9FFC00839A0A /* Resources */ = {
			isa = PBXResourcesBuildPhase;
			buildActionMask = 2147483647;
			files = (
			);
			runOnlyForDeploymentPostprocessing = 0;
		};
		EE1881752E8D9FFD00839A0A /* Resources */ = {
			isa = PBXResourcesBuildPhase;
			buildActionMask = 2147483647;
			files = (
			);
			runOnlyForDeploymentPostprocessing = 0;
		};
		EE18817F2E8D9FFD00839A0A /* Resources */ = {
			isa = PBXResourcesBuildPhase;
			buildActionMask = 2147483647;
			files = (
			);
			runOnlyForDeploymentPostprocessing = 0;
		};
/* End PBXResourcesBuildPhase section */

/* Begin PBXSourcesBuildPhase section */
		EE1881632E8D9FFC00839A0A /* Sources */ = {
			isa = PBXSourcesBuildPhase;
			buildActionMask = 2147483647;
			files = (
			);
			runOnlyForDeploymentPostprocessing = 0;
		};
		EE1881732E8D9FFD00839A0A /* Sources */ = {
			isa = PBXSourcesBuildPhase;
			buildActionMask = 2147483647;
			files = (
			);
			runOnlyForDeploymentPostprocessing = 0;
		};
		EE18817D2E8D9FFD00839A0A /* Sources */ = {
			isa = PBXSourcesBuildPhase;
			buildActionMask = 2147483647;
			files = (
			);
			runOnlyForDeploymentPostprocessing = 0;
		};
/* End PBXSourcesBuildPhase section */

/* Begin PBXTargetDependency section */
		EE1881792E8D9FFD00839A0A /* PBXTargetDependency */ = {
			isa = PBXTargetDependency;
			target = EE1881662E8D9FFC00839A0A /* Tyrants */;
			targetProxy = EE1881782E8D9FFD00839A0A /* PBXContainerItemProxy */;
		};
		EE1881832E8D9FFD00839A0A /* PBXTargetDependency */ = {
			isa = PBXTargetDependency;
			target = EE1881662E8D9FFC00839A0A /* Tyrants */;
			targetProxy = EE1881822E8D9FFD00839A0A /* PBXContainerItemProxy */;
		};
/* End PBXTargetDependency section */

/* Begin XCBuildConfiguration section */
		EE1881892E8D9FFD00839A0A /* Debug */ = {
			isa = XCBuildConfiguration;
			buildSettings = {
				ALWAYS_SEARCH_USER_PATHS = NO;
				ASSETCATALOG_COMPILER_GENERATE_SWIFT_ASSET_SYMBOL_EXTENSIONS = YES;
				CLANG_ANALYZER_NONNULL = YES;
				CLANG_ANALYZER_NUMBER_OBJECT_CONVERSION = YES_AGGRESSIVE;
				CLANG_CXX_LANGUAGE_STANDARD = "gnu++20";
				CLANG_ENABLE_MODULES = YES;
				CLANG_ENABLE_OBJC_ARC = YES;
				CLANG_ENABLE_OBJC_WEAK = YES;
				CLANG_WARN_BLOCK_CAPTURE_AUTORELEASING = YES;
				CLANG_WARN_BOOL_CONVERSION = YES;
				CLANG_WARN_COMMA = YES;
				CLANG_WARN_CONSTANT_CONVERSION = YES;
				CLANG_WARN_DEPRECATED_OBJC_IMPLEMENTATIONS = YES;
				CLANG_WARN_DIRECT_OBJC_ISA_USAGE = YES_ERROR;
				CLANG_WARN_DOCUMENTATION_COMMENTS = YES;
				CLANG_WARN_EMPTY_BODY = YES;
				CLANG_WARN_ENUM_CONVERSION = YES;
				CLANG_WARN_INFINITE_RECURSION = YES;
				CLANG_WARN_INT_CONVERSION = YES;
				CLANG_WARN_NON_LITERAL_NULL_CONVERSION = YES;
				CLANG_WARN_OBJC_IMPLICIT_RETAIN_SELF = YES;
				CLANG_WARN_OBJC_LITERAL_CONVERSION = YES;
				CLANG_WARN_OBJC_ROOT_CLASS = YES_ERROR;
				CLANG_WARN_QUOTED_INCLUDE_IN_FRAMEWORK_HEADER = YES;
				CLANG_WARN_RANGE_LOOP_ANALYSIS = YES;
				CLANG_WARN_STRICT_PROTOTYPES = YES;
				CLANG_WARN_SUSPICIOUS_MOVE = YES;
				CLANG_WARN_UNGUARDED_AVAILABILITY = YES_AGGRESSIVE;
				CLANG_WARN_UNREACHABLE_CODE = YES;
				CLANG_WARN__DUPLICATE_METHOD_MATCH = YES;
				COPY_PHASE_STRIP = NO;
				DEBUG_INFORMATION_FORMAT = dwarf;
				ENABLE_STRICT_OBJC_MSGSEND = YES;
				ENABLE_TESTABILITY = YES;
				ENABLE_USER_SCRIPT_SANDBOXING = YES;
				GCC_C_LANGUAGE_STANDARD = gnu17;
				GCC_DYNAMIC_NO_PIC = NO;
				GCC_NO_COMMON_BLOCKS = YES;
				GCC_OPTIMIZATION_LEVEL = 0;
				GCC_PREPROCESSOR_DEFINITIONS = (
					"DEBUG=1",
					"$(inherited)",
				);
				GCC_WARN_64_TO_32_BIT_CONVERSION = YES;
				GCC_WARN_ABOUT_RETURN_TYPE = YES_ERROR;
				GCC_WARN_UNDECLARED_SELECTOR = YES;
				GCC_WARN_UNINITIALIZED_AUTOS = YES_AGGRESSIVE;
				GCC_WARN_UNUSED_FUNCTION = YES;
				GCC_WARN_UNUSED_VARIABLE = YES;
				IPHONEOS_DEPLOYMENT_TARGET = 18.2;
				LOCALIZATION_PREFERS_STRING_CATALOGS = YES;
				MTL_ENABLE_DEBUG_INFO = INCLUDE_SOURCE;
				MTL_FAST_MATH = YES;
				ONLY_ACTIVE_ARCH = YES;
				SDKROOT = iphoneos;
				SWIFT_ACTIVE_COMPILATION_CONDITIONS = "DEBUG $(inherited)";
				SWIFT_OPTIMIZATION_LEVEL = "-Onone";
			};
			name = Debug;
		};
		EE18818A2E8D9FFD00839A0A /* Release */ = {
			isa = XCBuildConfiguration;
			buildSettings = {
				ALWAYS_SEARCH_USER_PATHS = NO;
				ASSETCATALOG_COMPILER_GENERATE_SWIFT_ASSET_SYMBOL_EXTENSIONS = YES;
				CLANG_ANALYZER_NONNULL = YES;
				CLANG_ANALYZER_NUMBER_OBJECT_CONVERSION = YES_AGGRESSIVE;
				CLANG_CXX_LANGUAGE_STANDARD = "gnu++20";
				CLANG_ENABLE_MODULES = YES;
				CLANG_ENABLE_OBJC_ARC = YES;
				CLANG_ENABLE_OBJC_WEAK = YES;
				CLANG_WARN_BLOCK_CAPTURE_AUTORELEASING = YES;
				CLANG_WARN_BOOL_CONVERSION = YES;
				CLANG_WARN_COMMA = YES;
				CLANG_WARN_CONSTANT_CONVERSION = YES;
				CLANG_WARN_DEPRECATED_OBJC_IMPLEMENTATIONS = YES;
				CLANG_WARN_DIRECT_OBJC_ISA_USAGE = YES_ERROR;
				CLANG_WARN_DOCUMENTATION_COMMENTS = YES;
				CLANG_WARN_EMPTY_BODY = YES;
				CLANG_WARN_ENUM_CONVERSION = YES;
				CLANG_WARN_INFINITE_RECURSION = YES;
				CLANG_WARN_INT_CONVERSION = YES;
				CLANG_WARN_NON_LITERAL_NULL_CONVERSION = YES;
				CLANG_WARN_OBJC_IMPLICIT_RETAIN_SELF = YES;
				CLANG_WARN_OBJC_LITERAL_CONVERSION = YES;
				CLANG_WARN_OBJC_ROOT_CLASS = YES_ERROR;
				CLANG_WARN_QUOTED_INCLUDE_IN_FRAMEWORK_HEADER = YES;
				CLANG_WARN_RANGE_LOOP_ANALYSIS = YES;
				CLANG_WARN_STRICT_PROTOTYPES = YES;
				CLANG_WARN_SUSPICIOUS_MOVE = YES;
				CLANG_WARN_UNGUARDED_AVAILABILITY = YES_AGGRESSIVE;
				CLANG_WARN_UNREACHABLE_CODE = YES;
				CLANG_WARN__DUPLICATE_METHOD_MATCH = YES;
				COPY_PHASE_STRIP = NO;
				DEBUG_INFORMATION_FORMAT = "dwarf-with-dsym";
				ENABLE_NS_ASSERTIONS = NO;
				ENABLE_STRICT_OBJC_MSGSEND = YES;
				ENABLE_USER_SCRIPT_SANDBOXING = YES;
				GCC_C_LANGUAGE_STANDARD = gnu17;
				GCC_NO_COMMON_BLOCKS = YES;
				GCC_WARN_64_TO_32_BIT_CONVERSION = YES;
				GCC_WARN_ABOUT_RETURN_TYPE = YES_ERROR;
				GCC_WARN_UNDECLARED_SELECTOR = YES;
				GCC_WARN_UNINITIALIZED_AUTOS = YES_AGGRESSIVE;
				GCC_WARN_UNUSED_FUNCTION = YES;
				GCC_WARN_UNUSED_VARIABLE = YES;
				IPHONEOS_DEPLOYMENT_TARGET = 18.2;
				LOCALIZATION_PREFERS_STRING_CATALOGS = YES;
				MTL_ENABLE_DEBUG_INFO = NO;
				MTL_FAST_MATH = YES;
				SDKROOT = iphoneos;
				SWIFT_COMPILATION_MODE = wholemodule;
				VALIDATE_PRODUCT = YES;
			};
			name = Release;
		};
		EE18818C2E8D9FFD00839A0A /* Debug */ = {
			isa = XCBuildConfiguration;
			buildSettings = {
				ASSETCATALOG_COMPILER_APPICON_NAME = AppIcon;
				ASSETCATALOG_COMPILER_GLOBAL_ACCENT_COLOR_NAME = AccentColor;
				CODE_SIGN_STYLE = Automatic;
				CURRENT_PROJECT_VERSION = 5;
				DEVELOPMENT_ASSET_PATHS = "\"Tyrants/Preview Content\"";
				DEVELOPMENT_TEAM = 7Q7P4QSJ2J;
				ENABLE_PREVIEWS = YES;
				GENERATE_INFOPLIST_FILE = YES;
				INFOPLIST_FILE = Tyrants/Info.plist;
				INFOPLIST_KEY_NSLocationUsageDescription = "Aprova esse trem aí.";
				INFOPLIST_KEY_NSMicrophoneUsageDescription = "Aprova esse trem aí.";
				INFOPLIST_KEY_UIApplicationSceneManifest_Generation = YES;
				INFOPLIST_KEY_UIApplicationSupportsIndirectInputEvents = YES;
				INFOPLIST_KEY_UILaunchScreen_Generation = YES;
				INFOPLIST_KEY_UISupportedInterfaceOrientations = "UIInterfaceOrientationLandscapeRight UIInterfaceOrientationPortrait";
				INFOPLIST_KEY_UISupportedInterfaceOrientations_iPad = "UIInterfaceOrientationLandscapeLeft UIInterfaceOrientationLandscapeRight UIInterfaceOrientationPortrait UIInterfaceOrientationPortraitUpsideDown";
				IPHONEOS_DEPLOYMENT_TARGET = 18.0;
				LD_RUNPATH_SEARCH_PATHS = (
					"$(inherited)",
					"@executable_path/Frameworks",
				);
				MARKETING_VERSION = 1.0.005;
				PRODUCT_BUNDLE_IDENTIFIER = com.matheustorresii.Tyrants;
				PRODUCT_NAME = "$(TARGET_NAME)";
				SUPPORTED_PLATFORMS = "iphoneos iphonesimulator";
				SUPPORTS_MACCATALYST = NO;
				SUPPORTS_MAC_DESIGNED_FOR_IPHONE_IPAD = NO;
				SUPPORTS_XR_DESIGNED_FOR_IPHONE_IPAD = NO;
				SWIFT_EMIT_LOC_STRINGS = YES;
				SWIFT_VERSION = 5.0;
				TARGETED_DEVICE_FAMILY = 1;
			};
			name = Debug;
		};
		EE18818D2E8D9FFD00839A0A /* Release */ = {
			isa = XCBuildConfiguration;
			buildSettings = {
				ASSETCATALOG_COMPILER_APPICON_NAME = AppIcon;
				ASSETCATALOG_COMPILER_GLOBAL_ACCENT_COLOR_NAME = AccentColor;
				CODE_SIGN_STYLE = Automatic;
				CURRENT_PROJECT_VERSION = 5;
				DEVELOPMENT_ASSET_PATHS = "\"Tyrants/Preview Content\"";
				DEVELOPMENT_TEAM = 7Q7P4QSJ2J;
				ENABLE_PREVIEWS = YES;
				GENERATE_INFOPLIST_FILE = YES;
				INFOPLIST_FILE = Tyrants/Info.plist;
				INFOPLIST_KEY_NSLocationUsageDescription = "Aprova esse trem aí.";
				INFOPLIST_KEY_NSMicrophoneUsageDescription = "Aprova esse trem aí.";
				INFOPLIST_KEY_UIApplicationSceneManifest_Generation = YES;
				INFOPLIST_KEY_UIApplicationSupportsIndirectInputEvents = YES;
				INFOPLIST_KEY_UILaunchScreen_Generation = YES;
				INFOPLIST_KEY_UISupportedInterfaceOrientations = "UIInterfaceOrientationLandscapeRight UIInterfaceOrientationPortrait";
				INFOPLIST_KEY_UISupportedInterfaceOrientations_iPad = "UIInterfaceOrientationLandscapeLeft UIInterfaceOrientationLandscapeRight UIInterfaceOrientationPortrait UIInterfaceOrientationPortraitUpsideDown";
				IPHONEOS_DEPLOYMENT_TARGET = 18.0;
				LD_RUNPATH_SEARCH_PATHS = (
					"$(inherited)",
					"@executable_path/Frameworks",
				);
				MARKETING_VERSION = 1.0.005;
				PRODUCT_BUNDLE_IDENTIFIER = com.matheustorresii.Tyrants;
				PRODUCT_NAME = "$(TARGET_NAME)";
				SUPPORTED_PLATFORMS = "iphoneos iphonesimulator";
				SUPPORTS_MACCATALYST = NO;
				SUPPORTS_MAC_DESIGNED_FOR_IPHONE_IPAD = NO;
				SUPPORTS_XR_DESIGNED_FOR_IPHONE_IPAD = NO;
				SWIFT_EMIT_LOC_STRINGS = YES;
				SWIFT_VERSION = 5.0;
				TARGETED_DEVICE_FAMILY = 1;
			};
			name = Release;
		};
		EE18818F2E8D9FFD00839A0A /* Debug */ = {
			isa = XCBuildConfiguration;
			buildSettings = {
				BUNDLE_LOADER = "$(TEST_HOST)";
				CODE_SIGN_STYLE = Automatic;
				CURRENT_PROJECT_VERSION = 1;
				DEVELOPMENT_TEAM = 7Q7P4QSJ2J;
				GENERATE_INFOPLIST_FILE = YES;
				IPHONEOS_DEPLOYMENT_TARGET = 18.2;
				MARKETING_VERSION = 1.0;
				PRODUCT_BUNDLE_IDENTIFIER = com.matheustorresii.TyrantsTests;
				PRODUCT_NAME = "$(TARGET_NAME)";
				SWIFT_EMIT_LOC_STRINGS = NO;
				SWIFT_VERSION = 5.0;
				TARGETED_DEVICE_FAMILY = "1,2";
				TEST_HOST = "$(BUILT_PRODUCTS_DIR)/Tyrants.app/$(BUNDLE_EXECUTABLE_FOLDER_PATH)/Tyrants";
			};
			name = Debug;
		};
		EE1881902E8D9FFD00839A0A /* Release */ = {
			isa = XCBuildConfiguration;
			buildSettings = {
				BUNDLE_LOADER = "$(TEST_HOST)";
				CODE_SIGN_STYLE = Automatic;
				CURRENT_PROJECT_VERSION = 1;
				DEVELOPMENT_TEAM = 7Q7P4QSJ2J;
				GENERATE_INFOPLIST_FILE = YES;
				IPHONEOS_DEPLOYMENT_TARGET = 18.2;
				MARKETING_VERSION = 1.0;
				PRODUCT_BUNDLE_IDENTIFIER = com.matheustorresii.TyrantsTests;
				PRODUCT_NAME = "$(TARGET_NAME)";
				SWIFT_EMIT_LOC_STRINGS = NO;
				SWIFT_VERSION = 5.0;
				TARGETED_DEVICE_FAMILY = "1,2";
				TEST_HOST = "$(BUILT_PRODUCTS_DIR)/Tyrants.app/$(BUNDLE_EXECUTABLE_FOLDER_PATH)/Tyrants";
			};
			name = Release;
		};
		EE1881922E8D9FFD00839A0A /* Debug */ = {
			isa = XCBuildConfiguration;
			buildSettings = {
				CODE_SIGN_STYLE = Automatic;
				CURRENT_PROJECT_VERSION = 1;
				DEVELOPMENT_TEAM = 7Q7P4QSJ2J;
				GENERATE_INFOPLIST_FILE = YES;
				MARKETING_VERSION = 1.0;
				PRODUCT_BUNDLE_IDENTIFIER = com.matheustorresii.TyrantsUITests;
				PRODUCT_NAME = "$(TARGET_NAME)";
				SWIFT_EMIT_LOC_STRINGS = NO;
				SWIFT_VERSION = 5.0;
				TARGETED_DEVICE_FAMILY = "1,2";
				TEST_TARGET_NAME = Tyrants;
			};
			name = Debug;
		};
		EE1881932E8D9FFD00839A0A /* Release */ = {
			isa = XCBuildConfiguration;
			buildSettings = {
				CODE_SIGN_STYLE = Automatic;
				CURRENT_PROJECT_VERSION = 1;
				DEVELOPMENT_TEAM = 7Q7P4QSJ2J;
				GENERATE_INFOPLIST_FILE = YES;
				MARKETING_VERSION = 1.0;
				PRODUCT_BUNDLE_IDENTIFIER = com.matheustorresii.TyrantsUITests;
				PRODUCT_NAME = "$(TARGET_NAME)";
				SWIFT_EMIT_LOC_STRINGS = NO;
				SWIFT_VERSION = 5.0;
				TARGETED_DEVICE_FAMILY = "1,2";
				TEST_TARGET_NAME = Tyrants;
			};
			name = Release;
		};
/* End XCBuildConfiguration section */

/* Begin XCConfigurationList section */
		EE1881622E8D9FFC00839A0A /* Build configuration list for PBXProject "Tyrants" */ = {
			isa = XCConfigurationList;
			buildConfigurations = (
				EE1881892E8D9FFD00839A0A /* Debug */,
				EE18818A2E8D9FFD00839A0A /* Release */,
			);
			defaultConfigurationIsVisible = 0;
			defaultConfigurationName = Release;
		};
		EE18818B2E8D9FFD00839A0A /* Build configuration list for PBXNativeTarget "Tyrants" */ = {
			isa = XCConfigurationList;
			buildConfigurations = (
				EE18818C2E8D9FFD00839A0A /* Debug */,
				EE18818D2E8D9FFD00839A0A /* Release */,
			);
			defaultConfigurationIsVisible = 0;
			defaultConfigurationName = Release;
		};
		EE18818E2E8D9FFD00839A0A /* Build configuration list for PBXNativeTarget "TyrantsTests" */ = {
			isa = XCConfigurationList;
			buildConfigurations = (
				EE18818F2E8D9FFD00839A0A /* Debug */,
				EE1881902E8D9FFD00839A0A /* Release */,
			);
			defaultConfigurationIsVisible = 0;
			defaultConfigurationName = Release;
		};
		EE1881912E8D9FFD00839A0A /* Build configuration list for PBXNativeTarget "TyrantsUITests" */ = {
			isa = XCConfigurationList;
			buildConfigurations = (
				EE1881922E8D9FFD00839A0A /* Debug */,
				EE1881932E8D9FFD00839A0A /* Release */,
			);
			defaultConfigurationIsVisible = 0;
			defaultConfigurationName = Release;
		};
/* End XCConfigurationList section */
	};
	rootObject = EE18815F2E8D9FFC00839A0A /* Project object */;
}
